<Solution>
  <Configurations>
    <Platform Name="Any CPU" />
    <Platform Name="x64" />
  </Configurations>
  <Project Path="Core/Core.csproj">
    <Platform Solution="*|x64" Project="x64" />
  </Project>
  <Project Path="Data/Data.csproj">
    <Platform Solution="*|x64" Project="x64" />
  </Project>
  <Project Path="ICApp/ICApp.csproj">
    <Platform Solution="*|x64" Project="x64" />
  </Project>
  <Project Path="Infrastruce/Infrastruce.csproj">
    <Platform Solution="*|x64" Project="x64" />
  </Project>
  <Project Path="Inspection/Inspection.csproj">
    <Platform Solution="*|x64" Project="x64" />
  </Project>
  <Project Path="Login/Login.csproj">
    <Platform Solution="*|x64" Project="x64" />
  </Project>
  <Project Path="Motion/Motion.csproj" Id="3750581b-dc70-4c19-b305-3c9ee76f132e" />
  <Project Path="Report/Report.csproj">
    <Platform Solution="*|x64" Project="x64" />
  </Project>
  <Project Path="Setting/Setting.csproj">
    <Platform Solution="*|x64" Project="x64" />
  </Project>
  <Project Path="Vision/Vision.csproj">
    <Platform Solution="*|x64" Project="x64" />
  </Project>
</Solution>
